// !$*UTF8*$!
{
	archiveVersion = 1;
	classes = {
	};
	objectVersion = 46;
	objects = {

/* Begin PBXBuildFile section */
		0E031DF51D3EEC5400EA9AE4 /* ic_close_white_48pt.png in Resources */ = {isa = PBXBuildFile; fileRef = 0E031DF41D3EEC5400EA9AE4 /* ic_close_white_48pt.png */; };
		0E0E10951D627A2800A573CE /* FBSDKCoreKit.framework in Frameworks */ = {isa = PBXBuildFile; fileRef = 0E0E10941D627A2800A573CE /* FBSDKCoreKit.framework */; };
		0E0E10971D627A3200A573CE /* FBSDKLoginKit.framework in Frameworks */ = {isa = PBXBuildFile; fileRef = 0E0E10961D627A3200A573CE /* FBSDKLoginKit.framework */; };
		0E0E10991D627A3B00A573CE /* FBSDKShareKit.framework in Frameworks */ = {isa = PBXBuildFile; fileRef = 0E0E10981D627A3B00A573CE /* FBSDKShareKit.framework */; };
		0E0E109B1D627A8900A573CE /* FacebookLoginViewController.swift in Sources */ = {isa = PBXBuildFile; fileRef = 0E0E109A1D627A8900A573CE /* FacebookLoginViewController.swift */; };
		0E0E109D1D627BB600A573CE /* Bolts.framework in Frameworks */ = {isa = PBXBuildFile; fileRef = 0E0E109C1D627BB600A573CE /* Bolts.framework */; };
		0E198A8E1D37E87B00F25F53 /* MyProfileViewController.swift in Sources */ = {isa = PBXBuildFile; fileRef = 0E198A8D1D37E87B00F25F53 /* MyProfileViewController.swift */; };
		0E198A901D37F40000F25F53 /* 5star.png in Resources */ = {isa = PBXBuildFile; fileRef = 0E198A8F1D37F40000F25F53 /* 5star.png */; };
		0E198A921D37FAB400F25F53 /* ClashpointsContainerViewController.swift in Sources */ = {isa = PBXBuildFile; fileRef = 0E198A911D37FAB400F25F53 /* ClashpointsContainerViewController.swift */; };
		0E198A941D37FE0600F25F53 /* MyLocationContainerViewController.swift in Sources */ = {isa = PBXBuildFile; fileRef = 0E198A931D37FE0600F25F53 /* MyLocationContainerViewController.swift */; };
		0E198A961D380ADB00F25F53 /* CoreLocation.framework in Frameworks */ = {isa = PBXBuildFile; fileRef = 0E198A951D380ADB00F25F53 /* CoreLocation.framework */; };
		0E198A9A1D381B8B00F25F53 /* NotificationsContainerViewController.swift in Sources */ = {isa = PBXBuildFile; fileRef = 0E198A991D381B8B00F25F53 /* NotificationsContainerViewController.swift */; };
		0E321BB11D5CF72F00D9E215 /* Chameleon.png in Resources */ = {isa = PBXBuildFile; fileRef = 0E321BB01D5CF72F00D9E215 /* Chameleon.png */; };
		0E321BB31D5CF7D700D9E215 /* LoadingClashesTableViewCell.swift in Sources */ = {isa = PBXBuildFile; fileRef = 0E321BB21D5CF7D700D9E215 /* LoadingClashesTableViewCell.swift */; };
		0E321BB51D5D14F900D9E215 /* Chameleon2.png in Resources */ = {isa = PBXBuildFile; fileRef = 0E321BB41D5D14F900D9E215 /* Chameleon2.png */; };
		0E321BB71D5D1DA200D9E215 /* ChameleonOpen.png in Resources */ = {isa = PBXBuildFile; fileRef = 0E321BB61D5D1DA200D9E215 /* ChameleonOpen.png */; };
		0E321BBD1D5E3A4900D9E215 /* PhotoclashLaunch.png in Resources */ = {isa = PBXBuildFile; fileRef = 0E321BBC1D5E3A4900D9E215 /* PhotoclashLaunch.png */; };
		0E321BC11D623E1400D9E215 /* CustomControl.swift in Sources */ = {isa = PBXBuildFile; fileRef = 0E321BC01D623E1400D9E215 /* CustomControl.swift */; };
		0E321BC31D6278F100D9E215 /* FBSDKCoreKit.framework in Frameworks */ = {isa = PBXBuildFile; fileRef = 0E321BC21D6278F100D9E215 /* FBSDKCoreKit.framework */; };
		0E321BC51D6278F900D9E215 /* FBSDKLoginKit.framework in Frameworks */ = {isa = PBXBuildFile; fileRef = 0E321BC41D6278F900D9E215 /* FBSDKLoginKit.framework */; };
		0E321BC71D62790100D9E215 /* FBSDKShareKit.framework in Frameworks */ = {isa = PBXBuildFile; fileRef = 0E321BC61D62790100D9E215 /* FBSDKShareKit.framework */; };
		0E352C341D4299F3005CD054 /* FinishedClash.swift in Sources */ = {isa = PBXBuildFile; fileRef = 0E352C331D4299F3005CD054 /* FinishedClash.swift */; };
		0E352C361D42A2A1005CD054 /* CurrentClash.swift in Sources */ = {isa = PBXBuildFile; fileRef = 0E352C351D42A2A1005CD054 /* CurrentClash.swift */; };
		0E352C3A1D456B60005CD054 /* TextImageView.swift in Sources */ = {isa = PBXBuildFile; fileRef = 0E352C391D456B60005CD054 /* TextImageView.swift */; };
		0E3BBCC51D7616C8004F90CC /* noUser.jpg in Resources */ = {isa = PBXBuildFile; fileRef = 0E3BBCC41D7616C8004F90CC /* noUser.jpg */; };
		0E506A8F1D6F4D2500A6019E /* UserProfileViewController.swift in Sources */ = {isa = PBXBuildFile; fileRef = 0E506A8E1D6F4D2500A6019E /* UserProfileViewController.swift */; };
		0E506A911D73612600A6019E /* FriendsTableViewController.swift in Sources */ = {isa = PBXBuildFile; fileRef = 0E506A901D73612600A6019E /* FriendsTableViewController.swift */; };
		0E7175DE1E1C8EA200316363 /* GoogleService-Info.plist in Resources */ = {isa = PBXBuildFile; fileRef = 0E7175DD1E1C8EA200316363 /* GoogleService-Info.plist */; };
		0E7175DF1E1C8EA200316363 /* GoogleService-Info.plist in Resources */ = {isa = PBXBuildFile; fileRef = 0E7175DD1E1C8EA200316363 /* GoogleService-Info.plist */; };
		0E7175E01E1C8EA200316363 /* GoogleService-Info.plist in Resources */ = {isa = PBXBuildFile; fileRef = 0E7175DD1E1C8EA200316363 /* GoogleService-Info.plist */; };
		0E76590A1DA8326000EABDB7 /* CollectionViewTableViewCell.swift in Sources */ = {isa = PBXBuildFile; fileRef = 0E7659091DA8326000EABDB7 /* CollectionViewTableViewCell.swift */; };
		0E76590C1DA8395300EABDB7 /* ClashCell.swift in Sources */ = {isa = PBXBuildFile; fileRef = 0E76590B1DA8395300EABDB7 /* ClashCell.swift */; };
		0E7659101DABF42C00EABDB7 /* BlurrableCollectionView.swift in Sources */ = {isa = PBXBuildFile; fileRef = 0E76590F1DABF42C00EABDB7 /* BlurrableCollectionView.swift */; };
		0E7659121DAE9E1C00EABDB7 /* WhiteRhino.png in Resources */ = {isa = PBXBuildFile; fileRef = 0E7659111DAE9E1C00EABDB7 /* WhiteRhino.png */; };
		0EB57ECC1CF778AD00E30272 /* AppDelegate.swift in Sources */ = {isa = PBXBuildFile; fileRef = 0EB57ECB1CF778AD00E30272 /* AppDelegate.swift */; };
		0EB57ED11CF778AD00E30272 /* Main.storyboard in Resources */ = {isa = PBXBuildFile; fileRef = 0EB57ECF1CF778AD00E30272 /* Main.storyboard */; };
		0EB57ED31CF778AD00E30272 /* Assets.xcassets in Resources */ = {isa = PBXBuildFile; fileRef = 0EB57ED21CF778AD00E30272 /* Assets.xcassets */; };
		0EB57ED61CF778AD00E30272 /* LaunchScreen.storyboard in Resources */ = {isa = PBXBuildFile; fileRef = 0EB57ED41CF778AD00E30272 /* LaunchScreen.storyboard */; };
		0EB57EE11CF778AD00E30272 /* PhotoClashTests.swift in Sources */ = {isa = PBXBuildFile; fileRef = 0EB57EE01CF778AD00E30272 /* PhotoClashTests.swift */; };
		0EB57EEC1CF778AD00E30272 /* PhotoClashUITests.swift in Sources */ = {isa = PBXBuildFile; fileRef = 0EB57EEB1CF778AD00E30272 /* PhotoClashUITests.swift */; };
		0EBD511A1D3830480006C125 /* CurrentClashTableViewCell.swift in Sources */ = {isa = PBXBuildFile; fileRef = 0EBD51191D3830480006C125 /* CurrentClashTableViewCell.swift */; };
		0EBD511C1D384E140006C125 /* FinishedClashTableViewCell.swift in Sources */ = {isa = PBXBuildFile; fileRef = 0EBD511B1D384E140006C125 /* FinishedClashTableViewCell.swift */; };
		0ED8CF651D9EF15A00CBA3EF /* polarbear.jpg in Resources */ = {isa = PBXBuildFile; fileRef = 0ED8CF641D9EF15A00CBA3EF /* polarbear.jpg */; };
		0ED8CF671D9EF16100CBA3EF /* penguins.jpg in Resources */ = {isa = PBXBuildFile; fileRef = 0ED8CF661D9EF16100CBA3EF /* penguins.jpg */; };
		0ED8CF691D9EF16700CBA3EF /* happybear.jpg in Resources */ = {isa = PBXBuildFile; fileRef = 0ED8CF681D9EF16700CBA3EF /* happybear.jpg */; };
		0ED8CF6B1D9EF16C00CBA3EF /* antelope.jpg in Resources */ = {isa = PBXBuildFile; fileRef = 0ED8CF6A1D9EF16C00CBA3EF /* antelope.jpg */; };
		0EE725E31D6544630040423F /* UserProfile.swift in Sources */ = {isa = PBXBuildFile; fileRef = 0EE725E21D6544630040423F /* UserProfile.swift */; };
		0EE725E51D6578A10040423F /* SearchViewController.swift in Sources */ = {isa = PBXBuildFile; fileRef = 0EE725E41D6578A10040423F /* SearchViewController.swift */; };
		0EE725EB1D6CC9110040423F /* SuggestionCell.swift in Sources */ = {isa = PBXBuildFile; fileRef = 0EE725EA1D6CC9110040423F /* SuggestionCell.swift */; };
		0EE725ED1D6CD5D60040423F /* PreviewViewController.swift in Sources */ = {isa = PBXBuildFile; fileRef = 0EE725EC1D6CD5D60040423F /* PreviewViewController.swift */; };
		0EEE6ED81D38262E00B0094E /* MainFeedViewController.swift in Sources */ = {isa = PBXBuildFile; fileRef = 0EEE6ED71D38262E00B0094E /* MainFeedViewController.swift */; };
/* End PBXBuildFile section */

/* Begin PBXContainerItemProxy section */
		0EB57EDD1CF778AD00E30272 /* PBXContainerItemProxy */ = {
			isa = PBXContainerItemProxy;
			containerPortal = 0EB57EC01CF778AD00E30272 /* Project object */;
			proxyType = 1;
			remoteGlobalIDString = 0EB57EC71CF778AD00E30272;
			remoteInfo = PhotoClash;
		};
		0EB57EE81CF778AD00E30272 /* PBXContainerItemProxy */ = {
			isa = PBXContainerItemProxy;
			containerPortal = 0EB57EC01CF778AD00E30272 /* Project object */;
			proxyType = 1;
			remoteGlobalIDString = 0EB57EC71CF778AD00E30272;
			remoteInfo = PhotoClash;
		};
/* End PBXContainerItemProxy section */

/* Begin PBXFileReference section */
		0DC1A33B7741AA60D6076E2C /* Pods-photo-clash-sample.debug.xcconfig */ = {isa = PBXFileReference; includeInIndex = 1; lastKnownFileType = text.xcconfig; name = "Pods-photo-clash-sample.debug.xcconfig"; path = "Pods/Target Support Files/Pods-photo-clash-sample/Pods-photo-clash-sample.debug.xcconfig"; sourceTree = "<group>"; };
		0E031DF41D3EEC5400EA9AE4 /* ic_close_white_48pt.png */ = {isa = PBXFileReference; lastKnownFileType = image.png; path = ic_close_white_48pt.png; sourceTree = "<group>"; };
		0E0E10941D627A2800A573CE /* FBSDKCoreKit.framework */ = {isa = PBXFileReference; lastKnownFileType = wrapper.framework; path = FBSDKCoreKit.framework; sourceTree = "<group>"; };
		0E0E10961D627A3200A573CE /* FBSDKLoginKit.framework */ = {isa = PBXFileReference; lastKnownFileType = wrapper.framework; path = FBSDKLoginKit.framework; sourceTree = "<group>"; };
		0E0E10981D627A3B00A573CE /* FBSDKShareKit.framework */ = {isa = PBXFileReference; lastKnownFileType = wrapper.framework; path = FBSDKShareKit.framework; sourceTree = "<group>"; };
		0E0E109A1D627A8900A573CE /* FacebookLoginViewController.swift */ = {isa = PBXFileReference; fileEncoding = 4; lastKnownFileType = sourcecode.swift; path = FacebookLoginViewController.swift; sourceTree = "<group>"; };
		0E0E109C1D627BB600A573CE /* Bolts.framework */ = {isa = PBXFileReference; lastKnownFileType = wrapper.framework; path = Bolts.framework; sourceTree = "<group>"; };
		0E198A8D1D37E87B00F25F53 /* MyProfileViewController.swift */ = {isa = PBXFileReference; fileEncoding = 4; lastKnownFileType = sourcecode.swift; path = MyProfileViewController.swift; sourceTree = "<group>"; };
		0E198A8F1D37F40000F25F53 /* 5star.png */ = {isa = PBXFileReference; lastKnownFileType = image.png; path = 5star.png; sourceTree = "<group>"; };
		0E198A911D37FAB400F25F53 /* ClashpointsContainerViewController.swift */ = {isa = PBXFileReference; fileEncoding = 4; lastKnownFileType = sourcecode.swift; path = ClashpointsContainerViewController.swift; sourceTree = "<group>"; };
		0E198A931D37FE0600F25F53 /* MyLocationContainerViewController.swift */ = {isa = PBXFileReference; fileEncoding = 4; lastKnownFileType = sourcecode.swift; path = MyLocationContainerViewController.swift; sourceTree = "<group>"; };
		0E198A951D380ADB00F25F53 /* CoreLocation.framework */ = {isa = PBXFileReference; lastKnownFileType = wrapper.framework; name = CoreLocation.framework; path = System/Library/Frameworks/CoreLocation.framework; sourceTree = SDKROOT; };
		0E198A991D381B8B00F25F53 /* NotificationsContainerViewController.swift */ = {isa = PBXFileReference; fileEncoding = 4; lastKnownFileType = sourcecode.swift; path = NotificationsContainerViewController.swift; sourceTree = "<group>"; };
		0E321BB01D5CF72F00D9E215 /* Chameleon.png */ = {isa = PBXFileReference; lastKnownFileType = image.png; path = Chameleon.png; sourceTree = "<group>"; };
		0E321BB21D5CF7D700D9E215 /* LoadingClashesTableViewCell.swift */ = {isa = PBXFileReference; fileEncoding = 4; lastKnownFileType = sourcecode.swift; path = LoadingClashesTableViewCell.swift; sourceTree = "<group>"; };
		0E321BB41D5D14F900D9E215 /* Chameleon2.png */ = {isa = PBXFileReference; lastKnownFileType = image.png; path = Chameleon2.png; sourceTree = "<group>"; };
		0E321BB61D5D1DA200D9E215 /* ChameleonOpen.png */ = {isa = PBXFileReference; lastKnownFileType = image.png; path = ChameleonOpen.png; sourceTree = "<group>"; };
		0E321BBC1D5E3A4900D9E215 /* PhotoclashLaunch.png */ = {isa = PBXFileReference; lastKnownFileType = image.png; path = PhotoclashLaunch.png; sourceTree = "<group>"; };
		0E321BC01D623E1400D9E215 /* CustomControl.swift */ = {isa = PBXFileReference; fileEncoding = 4; lastKnownFileType = sourcecode.swift; path = CustomControl.swift; sourceTree = "<group>"; };
		0E321BC21D6278F100D9E215 /* FBSDKCoreKit.framework */ = {isa = PBXFileReference; lastKnownFileType = wrapper.framework; name = FBSDKCoreKit.framework; path = "../../../Downloads/FacebookSDKs-iOS-4.14.0/FBSDKCoreKit.framework"; sourceTree = "<group>"; };
		0E321BC41D6278F900D9E215 /* FBSDKLoginKit.framework */ = {isa = PBXFileReference; lastKnownFileType = wrapper.framework; name = FBSDKLoginKit.framework; path = "../../../Downloads/FacebookSDKs-iOS-4.14.0/FBSDKLoginKit.framework"; sourceTree = "<group>"; };
		0E321BC61D62790100D9E215 /* FBSDKShareKit.framework */ = {isa = PBXFileReference; lastKnownFileType = wrapper.framework; name = FBSDKShareKit.framework; path = "../../../Downloads/FacebookSDKs-iOS-4.14.0/FBSDKShareKit.framework"; sourceTree = "<group>"; };
		0E352C331D4299F3005CD054 /* FinishedClash.swift */ = {isa = PBXFileReference; fileEncoding = 4; lastKnownFileType = sourcecode.swift; path = FinishedClash.swift; sourceTree = "<group>"; };
		0E352C351D42A2A1005CD054 /* CurrentClash.swift */ = {isa = PBXFileReference; fileEncoding = 4; lastKnownFileType = sourcecode.swift; path = CurrentClash.swift; sourceTree = "<group>"; };
		0E352C391D456B60005CD054 /* TextImageView.swift */ = {isa = PBXFileReference; fileEncoding = 4; lastKnownFileType = sourcecode.swift; path = TextImageView.swift; sourceTree = "<group>"; };
		0E3BBCC41D7616C8004F90CC /* noUser.jpg */ = {isa = PBXFileReference; lastKnownFileType = image.jpeg; path = noUser.jpg; sourceTree = "<group>"; };
		0E506A8E1D6F4D2500A6019E /* UserProfileViewController.swift */ = {isa = PBXFileReference; fileEncoding = 4; lastKnownFileType = sourcecode.swift; path = UserProfileViewController.swift; sourceTree = "<group>"; };
		0E506A901D73612600A6019E /* FriendsTableViewController.swift */ = {isa = PBXFileReference; fileEncoding = 4; lastKnownFileType = sourcecode.swift; path = FriendsTableViewController.swift; sourceTree = "<group>"; };
		0E7175DD1E1C8EA200316363 /* GoogleService-Info.plist */ = {isa = PBXFileReference; fileEncoding = 4; lastKnownFileType = text.plist.xml; path = "GoogleService-Info.plist"; sourceTree = "<group>"; };
		0E7659091DA8326000EABDB7 /* CollectionViewTableViewCell.swift */ = {isa = PBXFileReference; fileEncoding = 4; lastKnownFileType = sourcecode.swift; path = CollectionViewTableViewCell.swift; sourceTree = "<group>"; };
		0E76590B1DA8395300EABDB7 /* ClashCell.swift */ = {isa = PBXFileReference; fileEncoding = 4; lastKnownFileType = sourcecode.swift; path = ClashCell.swift; sourceTree = "<group>"; };
		0E76590F1DABF42C00EABDB7 /* BlurrableCollectionView.swift */ = {isa = PBXFileReference; fileEncoding = 4; lastKnownFileType = sourcecode.swift; path = BlurrableCollectionView.swift; sourceTree = "<group>"; };
		0E7659111DAE9E1C00EABDB7 /* WhiteRhino.png */ = {isa = PBXFileReference; lastKnownFileType = image.png; path = WhiteRhino.png; sourceTree = "<group>"; };
		0E81056F1DCCF6DF00C0D4D4 /* PhotoClash.entitlements */ = {isa = PBXFileReference; lastKnownFileType = text.plist.entitlements; path = PhotoClash.entitlements; sourceTree = "<group>"; };
		0EB57EC81CF778AD00E30272 /* photo-clash-sample.app */ = {isa = PBXFileReference; explicitFileType = wrapper.application; includeInIndex = 0; path = "photo-clash-sample.app"; sourceTree = BUILT_PRODUCTS_DIR; };
		0EB57ECB1CF778AD00E30272 /* AppDelegate.swift */ = {isa = PBXFileReference; lastKnownFileType = sourcecode.swift; path = AppDelegate.swift; sourceTree = "<group>"; };
		0EB57ED01CF778AD00E30272 /* Base */ = {isa = PBXFileReference; lastKnownFileType = file.storyboard; name = Base; path = Base.lproj/Main.storyboard; sourceTree = "<group>"; };
		0EB57ED21CF778AD00E30272 /* Assets.xcassets */ = {isa = PBXFileReference; lastKnownFileType = folder.assetcatalog; path = Assets.xcassets; sourceTree = "<group>"; };
		0EB57ED51CF778AD00E30272 /* Base */ = {isa = PBXFileReference; lastKnownFileType = file.storyboard; name = Base; path = Base.lproj/LaunchScreen.storyboard; sourceTree = "<group>"; };
		0EB57ED71CF778AD00E30272 /* Info.plist */ = {isa = PBXFileReference; lastKnownFileType = text.plist.xml; path = Info.plist; sourceTree = "<group>"; };
		0EB57EDC1CF778AD00E30272 /* photo-clash-sampleTests.xctest */ = {isa = PBXFileReference; explicitFileType = wrapper.cfbundle; includeInIndex = 0; path = "photo-clash-sampleTests.xctest"; sourceTree = BUILT_PRODUCTS_DIR; };
		0EB57EE01CF778AD00E30272 /* PhotoClashTests.swift */ = {isa = PBXFileReference; lastKnownFileType = sourcecode.swift; path = PhotoClashTests.swift; sourceTree = "<group>"; };
		0EB57EE21CF778AD00E30272 /* Info.plist */ = {isa = PBXFileReference; lastKnownFileType = text.plist.xml; path = Info.plist; sourceTree = "<group>"; };
		0EB57EE71CF778AD00E30272 /* photo-clash-sampleUITests.xctest */ = {isa = PBXFileReference; explicitFileType = wrapper.cfbundle; includeInIndex = 0; path = "photo-clash-sampleUITests.xctest"; sourceTree = BUILT_PRODUCTS_DIR; };
		0EB57EEB1CF778AD00E30272 /* PhotoClashUITests.swift */ = {isa = PBXFileReference; lastKnownFileType = sourcecode.swift; path = PhotoClashUITests.swift; sourceTree = "<group>"; };
		0EB57EED1CF778AD00E30272 /* Info.plist */ = {isa = PBXFileReference; lastKnownFileType = text.plist.xml; path = Info.plist; sourceTree = "<group>"; };
		0EBD51191D3830480006C125 /* CurrentClashTableViewCell.swift */ = {isa = PBXFileReference; fileEncoding = 4; lastKnownFileType = sourcecode.swift; path = CurrentClashTableViewCell.swift; sourceTree = "<group>"; };
		0EBD511B1D384E140006C125 /* FinishedClashTableViewCell.swift */ = {isa = PBXFileReference; fileEncoding = 4; lastKnownFileType = sourcecode.swift; path = FinishedClashTableViewCell.swift; sourceTree = "<group>"; };
		0ED8CF641D9EF15A00CBA3EF /* polarbear.jpg */ = {isa = PBXFileReference; lastKnownFileType = image.jpeg; path = polarbear.jpg; sourceTree = "<group>"; };
		0ED8CF661D9EF16100CBA3EF /* penguins.jpg */ = {isa = PBXFileReference; lastKnownFileType = image.jpeg; path = penguins.jpg; sourceTree = "<group>"; };
		0ED8CF681D9EF16700CBA3EF /* happybear.jpg */ = {isa = PBXFileReference; lastKnownFileType = image.jpeg; path = happybear.jpg; sourceTree = "<group>"; };
		0ED8CF6A1D9EF16C00CBA3EF /* antelope.jpg */ = {isa = PBXFileReference; lastKnownFileType = image.jpeg; path = antelope.jpg; sourceTree = "<group>"; };
		0EE725E21D6544630040423F /* UserProfile.swift */ = {isa = PBXFileReference; fileEncoding = 4; lastKnownFileType = sourcecode.swift; path = UserProfile.swift; sourceTree = "<group>"; };
		0EE725E41D6578A10040423F /* SearchViewController.swift */ = {isa = PBXFileReference; fileEncoding = 4; lastKnownFileType = sourcecode.swift; path = SearchViewController.swift; sourceTree = "<group>"; };
		0EE725EA1D6CC9110040423F /* SuggestionCell.swift */ = {isa = PBXFileReference; fileEncoding = 4; lastKnownFileType = sourcecode.swift; path = SuggestionCell.swift; sourceTree = "<group>"; };
		0EE725EC1D6CD5D60040423F /* PreviewViewController.swift */ = {isa = PBXFileReference; fileEncoding = 4; lastKnownFileType = sourcecode.swift; path = PreviewViewController.swift; sourceTree = "<group>"; };
		0EEE6ED71D38262E00B0094E /* MainFeedViewController.swift */ = {isa = PBXFileReference; fileEncoding = 4; lastKnownFileType = sourcecode.swift; path = MainFeedViewController.swift; sourceTree = "<group>"; };
		36DC2E321546257483C72649 /* Pods-photo-clash-sampleTests.debug.xcconfig */ = {isa = PBXFileReference; includeInIndex = 1; lastKnownFileType = text.xcconfig; name = "Pods-photo-clash-sampleTests.debug.xcconfig"; path = "Pods/Target Support Files/Pods-photo-clash-sampleTests/Pods-photo-clash-sampleTests.debug.xcconfig"; sourceTree = "<group>"; };
		9A16E656A6ECEFD4E3BA1517 /* Pods-photo-clash-sampleTests.release.xcconfig */ = {isa = PBXFileReference; includeInIndex = 1; lastKnownFileType = text.xcconfig; name = "Pods-photo-clash-sampleTests.release.xcconfig"; path = "Pods/Target Support Files/Pods-photo-clash-sampleTests/Pods-photo-clash-sampleTests.release.xcconfig"; sourceTree = "<group>"; };
		BC2578297246E9A955B53FE8 /* Pods-photo-clash-sampleUITests.release.xcconfig */ = {isa = PBXFileReference; includeInIndex = 1; lastKnownFileType = text.xcconfig; name = "Pods-photo-clash-sampleUITests.release.xcconfig"; path = "Pods/Target Support Files/Pods-photo-clash-sampleUITests/Pods-photo-clash-sampleUITests.release.xcconfig"; sourceTree = "<group>"; };
		F7DB7686B47654F5A5DC9295 /* Pods-photo-clash-sampleUITests.debug.xcconfig */ = {isa = PBXFileReference; includeInIndex = 1; lastKnownFileType = text.xcconfig; name = "Pods-photo-clash-sampleUITests.debug.xcconfig"; path = "Pods/Target Support Files/Pods-photo-clash-sampleUITests/Pods-photo-clash-sampleUITests.debug.xcconfig"; sourceTree = "<group>"; };
		F8B36729D6F9681DBF079409 /* Pods-photo-clash-sample.release.xcconfig */ = {isa = PBXFileReference; includeInIndex = 1; lastKnownFileType = text.xcconfig; name = "Pods-photo-clash-sample.release.xcconfig"; path = "Pods/Target Support Files/Pods-photo-clash-sample/Pods-photo-clash-sample.release.xcconfig"; sourceTree = "<group>"; };
/* End PBXFileReference section */

/* Begin PBXFrameworksBuildPhase section */
		0EB57EC51CF778AD00E30272 /* Frameworks */ = {
			isa = PBXFrameworksBuildPhase;
			buildActionMask = 2147483647;
			files = (
				0E0E10991D627A3B00A573CE /* FBSDKShareKit.framework in Frameworks */,
				0E321BC71D62790100D9E215 /* FBSDKShareKit.framework in Frameworks */,
				0E0E10951D627A2800A573CE /* FBSDKCoreKit.framework in Frameworks */,
				0E321BC51D6278F900D9E215 /* FBSDKLoginKit.framework in Frameworks */,
				0E321BC31D6278F100D9E215 /* FBSDKCoreKit.framework in Frameworks */,
				0E0E10971D627A3200A573CE /* FBSDKLoginKit.framework in Frameworks */,
				0E0E109D1D627BB600A573CE /* Bolts.framework in Frameworks */,
				0E198A961D380ADB00F25F53 /* CoreLocation.framework in Frameworks */,
			);
			runOnlyForDeploymentPostprocessing = 0;
		};
		0EB57ED91CF778AD00E30272 /* Frameworks */ = {
			isa = PBXFrameworksBuildPhase;
			buildActionMask = 2147483647;
			files = (
			);
			runOnlyForDeploymentPostprocessing = 0;
		};
		0EB57EE41CF778AD00E30272 /* Frameworks */ = {
			isa = PBXFrameworksBuildPhase;
			buildActionMask = 2147483647;
			files = (
			);
			runOnlyForDeploymentPostprocessing = 0;
		};
/* End PBXFrameworksBuildPhase section */

/* Begin PBXGroup section */
		05CE3F52D40C3DD5ACBD8AEE /* Frameworks */ = {
			isa = PBXGroup;
			children = (
				0E321BC61D62790100D9E215 /* FBSDKShareKit.framework */,
				0E321BC41D6278F900D9E215 /* FBSDKLoginKit.framework */,
				0E321BC21D6278F100D9E215 /* FBSDKCoreKit.framework */,
			);
			name = Frameworks;
			sourceTree = "<group>";
		};
		0EB57EBF1CF778AD00E30272 = {
			isa = PBXGroup;
			children = (
				0E0E109C1D627BB600A573CE /* Bolts.framework */,
				0E0E10981D627A3B00A573CE /* FBSDKShareKit.framework */,
				0E0E10961D627A3200A573CE /* FBSDKLoginKit.framework */,
				0E0E10941D627A2800A573CE /* FBSDKCoreKit.framework */,
				0E198A951D380ADB00F25F53 /* CoreLocation.framework */,
				0EB57ECA1CF778AD00E30272 /* PhotoClash */,
				0EB57EDF1CF778AD00E30272 /* PhotoClashTests */,
				0EB57EEA1CF778AD00E30272 /* PhotoClashUITests */,
				0EB57EC91CF778AD00E30272 /* Products */,
				05CE3F52D40C3DD5ACBD8AEE /* Frameworks */,
				DD7E993E95FAF06773703C8B /* Pods */,
			);
			sourceTree = "<group>";
		};
		0EB57EC91CF778AD00E30272 /* Products */ = {
			isa = PBXGroup;
			children = (
				0EB57EC81CF778AD00E30272 /* photo-clash-sample.app */,
				0EB57EDC1CF778AD00E30272 /* photo-clash-sampleTests.xctest */,
				0EB57EE71CF778AD00E30272 /* photo-clash-sampleUITests.xctest */,
			);
			name = Products;
			sourceTree = "<group>";
		};
		0EB57ECA1CF778AD00E30272 /* PhotoClash */ = {
			isa = PBXGroup;
			children = (
				0E81056F1DCCF6DF00C0D4D4 /* PhotoClash.entitlements */,
				0EB57ECB1CF778AD00E30272 /* AppDelegate.swift */,
				0EB57ECF1CF778AD00E30272 /* Main.storyboard */,
				0E506A901D73612600A6019E /* FriendsTableViewController.swift */,
				0E0E109A1D627A8900A573CE /* FacebookLoginViewController.swift */,
				0EEE6ED71D38262E00B0094E /* MainFeedViewController.swift */,
				0EE725E41D6578A10040423F /* SearchViewController.swift */,
				0E76590F1DABF42C00EABDB7 /* BlurrableCollectionView.swift */,
				0E198A8D1D37E87B00F25F53 /* MyProfileViewController.swift */,
				0E506A8E1D6F4D2500A6019E /* UserProfileViewController.swift */,
				0E198A931D37FE0600F25F53 /* MyLocationContainerViewController.swift */,
				0E198A911D37FAB400F25F53 /* ClashpointsContainerViewController.swift */,
				0EE725EC1D6CD5D60040423F /* PreviewViewController.swift */,
				0E198A991D381B8B00F25F53 /* NotificationsContainerViewController.swift */,
				0E321BB21D5CF7D700D9E215 /* LoadingClashesTableViewCell.swift */,
				0EBD51191D3830480006C125 /* CurrentClashTableViewCell.swift */,
				0EBD511B1D384E140006C125 /* FinishedClashTableViewCell.swift */,
				0E7659091DA8326000EABDB7 /* CollectionViewTableViewCell.swift */,
				0EE725EA1D6CC9110040423F /* SuggestionCell.swift */,
				0E76590B1DA8395300EABDB7 /* ClashCell.swift */,
				0E352C331D4299F3005CD054 /* FinishedClash.swift */,
				0E352C351D42A2A1005CD054 /* CurrentClash.swift */,
				0EE725E21D6544630040423F /* UserProfile.swift */,
				0E321BC01D623E1400D9E215 /* CustomControl.swift */,
				0E352C391D456B60005CD054 /* TextImageView.swift */,
				0EB57ED21CF778AD00E30272 /* Assets.xcassets */,
				0EB57ED41CF778AD00E30272 /* LaunchScreen.storyboard */,
				0E7175DD1E1C8EA200316363 /* GoogleService-Info.plist */,
				0EB57ED71CF778AD00E30272 /* Info.plist */,
				0E7659111DAE9E1C00EABDB7 /* WhiteRhino.png */,
				0ED8CF6A1D9EF16C00CBA3EF /* antelope.jpg */,
				0ED8CF681D9EF16700CBA3EF /* happybear.jpg */,
				0ED8CF661D9EF16100CBA3EF /* penguins.jpg */,
				0ED8CF641D9EF15A00CBA3EF /* polarbear.jpg */,
				0E321BBC1D5E3A4900D9E215 /* PhotoclashLaunch.png */,
				0E321BB61D5D1DA200D9E215 /* ChameleonOpen.png */,
				0E321BB41D5D14F900D9E215 /* Chameleon2.png */,
				0E321BB01D5CF72F00D9E215 /* Chameleon.png */,
				0E031DF41D3EEC5400EA9AE4 /* ic_close_white_48pt.png */,
				0E198A8F1D37F40000F25F53 /* 5star.png */,
				0E3BBCC41D7616C8004F90CC /* noUser.jpg */,
			);
			path = PhotoClash;
			sourceTree = "<group>";
		};
		0EB57EDF1CF778AD00E30272 /* PhotoClashTests */ = {
			isa = PBXGroup;
			children = (
				0EB57EE01CF778AD00E30272 /* PhotoClashTests.swift */,
				0EB57EE21CF778AD00E30272 /* Info.plist */,
			);
			path = PhotoClashTests;
			sourceTree = "<group>";
		};
		0EB57EEA1CF778AD00E30272 /* PhotoClashUITests */ = {
			isa = PBXGroup;
			children = (
				0EB57EEB1CF778AD00E30272 /* PhotoClashUITests.swift */,
				0EB57EED1CF778AD00E30272 /* Info.plist */,
			);
			path = PhotoClashUITests;
			sourceTree = "<group>";
		};
		DD7E993E95FAF06773703C8B /* Pods */ = {
			isa = PBXGroup;
			children = (
				0DC1A33B7741AA60D6076E2C /* Pods-photo-clash-sample.debug.xcconfig */,
				F8B36729D6F9681DBF079409 /* Pods-photo-clash-sample.release.xcconfig */,
				36DC2E321546257483C72649 /* Pods-photo-clash-sampleTests.debug.xcconfig */,
				9A16E656A6ECEFD4E3BA1517 /* Pods-photo-clash-sampleTests.release.xcconfig */,
				F7DB7686B47654F5A5DC9295 /* Pods-photo-clash-sampleUITests.debug.xcconfig */,
				BC2578297246E9A955B53FE8 /* Pods-photo-clash-sampleUITests.release.xcconfig */,
			);
			name = Pods;
			sourceTree = "<group>";
		};
/* End PBXGroup section */

/* Begin PBXNativeTarget section */
		0EB57EC71CF778AD00E30272 /* photo-clash-sample */ = {
			isa = PBXNativeTarget;
			buildConfigurationList = 0EB57EF01CF778AD00E30272 /* Build configuration list for PBXNativeTarget "photo-clash-sample" */;
			buildPhases = (
				6B9FD57AC921FDFB35E74839 /* [CP] Check Pods Manifest.lock */,
				0EB57EC41CF778AD00E30272 /* Sources */,
				0EB57EC51CF778AD00E30272 /* Frameworks */,
				0EB57EC61CF778AD00E30272 /* Resources */,
				4CCC1F034BDF0B013D2F4040 /* [CP] Embed Pods Frameworks */,
				5DDF9C72F5096322F10A42D0 /* [CP] Copy Pods Resources */,
			);
			buildRules = (
			);
			dependencies = (
			);
			name = "photo-clash-sample";
			productName = PhotoClash;
			productReference = 0EB57EC81CF778AD00E30272 /* photo-clash-sample.app */;
			productType = "com.apple.product-type.application";
		};
		0EB57EDB1CF778AD00E30272 /* photo-clash-sampleTests */ = {
			isa = PBXNativeTarget;
			buildConfigurationList = 0EB57EF31CF778AD00E30272 /* Build configuration list for PBXNativeTarget "photo-clash-sampleTests" */;
			buildPhases = (
				DB04B1359EE3CAA0E7A58C5B /* [CP] Check Pods Manifest.lock */,
				0EB57ED81CF778AD00E30272 /* Sources */,
				0EB57ED91CF778AD00E30272 /* Frameworks */,
				0EB57EDA1CF778AD00E30272 /* Resources */,
				7FE7DACA3D066BE6AC3B145A /* [CP] Embed Pods Frameworks */,
				D6A86320495B218F887F54B8 /* [CP] Copy Pods Resources */,
			);
			buildRules = (
			);
			dependencies = (
				0EB57EDE1CF778AD00E30272 /* PBXTargetDependency */,
			);
			name = "photo-clash-sampleTests";
			productName = PhotoClashTests;
			productReference = 0EB57EDC1CF778AD00E30272 /* photo-clash-sampleTests.xctest */;
			productType = "com.apple.product-type.bundle.unit-test";
		};
		0EB57EE61CF778AD00E30272 /* photo-clash-sampleUITests */ = {
			isa = PBXNativeTarget;
			buildConfigurationList = 0EB57EF61CF778AD00E30272 /* Build configuration list for PBXNativeTarget "photo-clash-sampleUITests" */;
			buildPhases = (
				11CF2507E24F2849F20D646A /* [CP] Check Pods Manifest.lock */,
				0EB57EE31CF778AD00E30272 /* Sources */,
				0EB57EE41CF778AD00E30272 /* Frameworks */,
				0EB57EE51CF778AD00E30272 /* Resources */,
				54F0B38F721912CEE8B4AF19 /* [CP] Embed Pods Frameworks */,
				B7C9063DB66EE4588EFD8814 /* [CP] Copy Pods Resources */,
			);
			buildRules = (
			);
			dependencies = (
				0EB57EE91CF778AD00E30272 /* PBXTargetDependency */,
			);
			name = "photo-clash-sampleUITests";
			productName = PhotoClashUITests;
			productReference = 0EB57EE71CF778AD00E30272 /* photo-clash-sampleUITests.xctest */;
			productType = "com.apple.product-type.bundle.ui-testing";
		};
/* End PBXNativeTarget section */

/* Begin PBXProject section */
		0EB57EC01CF778AD00E30272 /* Project object */ = {
			isa = PBXProject;
			attributes = {
				LastSwiftUpdateCheck = 0730;
				LastUpgradeCheck = 0820;
				ORGANIZATIONNAME = "Cole Conte";
				TargetAttributes = {
					0EB57EC71CF778AD00E30272 = {
						CreatedOnToolsVersion = 7.3;
						DevelopmentTeam = 6FJUN62T7L;
						LastSwiftMigration = 0810;
						SystemCapabilities = {
							com.apple.Keychain = {
								enabled = 1;
							};
						};
					};
					0EB57EDB1CF778AD00E30272 = {
						CreatedOnToolsVersion = 7.3;
						LastSwiftMigration = 0810;
						TestTargetID = 0EB57EC71CF778AD00E30272;
					};
					0EB57EE61CF778AD00E30272 = {
						CreatedOnToolsVersion = 7.3;
						LastSwiftMigration = 0810;
						TestTargetID = 0EB57EC71CF778AD00E30272;
					};
				};
			};
			buildConfigurationList = 0EB57EC31CF778AD00E30272 /* Build configuration list for PBXProject "photo-clash-sample" */;
			compatibilityVersion = "Xcode 3.2";
			developmentRegion = English;
			hasScannedForEncodings = 0;
			knownRegions = (
				en,
				Base,
			);
			mainGroup = 0EB57EBF1CF778AD00E30272;
			productRefGroup = 0EB57EC91CF778AD00E30272 /* Products */;
			projectDirPath = "";
			projectRoot = "";
			targets = (
				0EB57EC71CF778AD00E30272 /* photo-clash-sample */,
				0EB57EDB1CF778AD00E30272 /* photo-clash-sampleTests */,
				0EB57EE61CF778AD00E30272 /* photo-clash-sampleUITests */,
			);
		};
/* End PBXProject section */

/* Begin PBXResourcesBuildPhase section */
		0EB57EC61CF778AD00E30272 /* Resources */ = {
			isa = PBXResourcesBuildPhase;
			buildActionMask = 2147483647;
			files = (
				0EB57ED61CF778AD00E30272 /* LaunchScreen.storyboard in Resources */,
				0E7659121DAE9E1C00EABDB7 /* WhiteRhino.png in Resources */,
				0EB57ED31CF778AD00E30272 /* Assets.xcassets in Resources */,
				0E031DF51D3EEC5400EA9AE4 /* ic_close_white_48pt.png in Resources */,
				0E321BB71D5D1DA200D9E215 /* ChameleonOpen.png in Resources */,
				0EB57ED11CF778AD00E30272 /* Main.storyboard in Resources */,
				0E321BBD1D5E3A4900D9E215 /* PhotoclashLaunch.png in Resources */,
				0E198A901D37F40000F25F53 /* 5star.png in Resources */,
				0ED8CF651D9EF15A00CBA3EF /* polarbear.jpg in Resources */,
				0ED8CF671D9EF16100CBA3EF /* penguins.jpg in Resources */,
				0ED8CF691D9EF16700CBA3EF /* happybear.jpg in Resources */,
				0E321BB11D5CF72F00D9E215 /* Chameleon.png in Resources */,
				0E3BBCC51D7616C8004F90CC /* noUser.jpg in Resources */,
				0E321BB51D5D14F900D9E215 /* Chameleon2.png in Resources */,
				0ED8CF6B1D9EF16C00CBA3EF /* antelope.jpg in Resources */,
				0E7175DE1E1C8EA200316363 /* GoogleService-Info.plist in Resources */,
			);
			runOnlyForDeploymentPostprocessing = 0;
		};
		0EB57EDA1CF778AD00E30272 /* Resources */ = {
			isa = PBXResourcesBuildPhase;
			buildActionMask = 2147483647;
			files = (
				0E7175DF1E1C8EA200316363 /* GoogleService-Info.plist in Resources */,
			);
			runOnlyForDeploymentPostprocessing = 0;
		};
		0EB57EE51CF778AD00E30272 /* Resources */ = {
			isa = PBXResourcesBuildPhase;
			buildActionMask = 2147483647;
			files = (
				0E7175E01E1C8EA200316363 /* GoogleService-Info.plist in Resources */,
			);
			runOnlyForDeploymentPostprocessing = 0;
		};
/* End PBXResourcesBuildPhase section */

/* Begin PBXShellScriptBuildPhase section */
		11CF2507E24F2849F20D646A /* [CP] Check Pods Manifest.lock */ = {
			isa = PBXShellScriptBuildPhase;
			buildActionMask = 2147483647;
			files = (
			);
			inputPaths = (
			);
			name = "[CP] Check Pods Manifest.lock";
			outputPaths = (
			);
			runOnlyForDeploymentPostprocessing = 0;
			shellPath = /bin/sh;
			shellScript = "diff \"${PODS_ROOT}/../Podfile.lock\" \"${PODS_ROOT}/Manifest.lock\" > /dev/null\nif [ $? != 0 ] ; then\n    # print error to STDERR\n    echo \"error: The sandbox is not in sync with the Podfile.lock. Run 'pod install' or update your CocoaPods installation.\" >&2\n    exit 1\nfi\n";
			showEnvVarsInLog = 0;
		};
		4CCC1F034BDF0B013D2F4040 /* [CP] Embed Pods Frameworks */ = {
			isa = PBXShellScriptBuildPhase;
			buildActionMask = 2147483647;
			files = (
			);
			inputPaths = (
			);
			name = "[CP] Embed Pods Frameworks";
			outputPaths = (
			);
			runOnlyForDeploymentPostprocessing = 0;
			shellPath = /bin/sh;
			shellScript = "\"${SRCROOT}/Pods/Target Support Files/Pods-photo-clash-sample/Pods-photo-clash-sample-frameworks.sh\"\n";
			showEnvVarsInLog = 0;
		};
		54F0B38F721912CEE8B4AF19 /* [CP] Embed Pods Frameworks */ = {
			isa = PBXShellScriptBuildPhase;
			buildActionMask = 2147483647;
			files = (
			);
			inputPaths = (
			);
			name = "[CP] Embed Pods Frameworks";
			outputPaths = (
			);
			runOnlyForDeploymentPostprocessing = 0;
			shellPath = /bin/sh;
			shellScript = "\"${SRCROOT}/Pods/Target Support Files/Pods-photo-clash-sampleUITests/Pods-photo-clash-sampleUITests-frameworks.sh\"\n";
			showEnvVarsInLog = 0;
		};
		5DDF9C72F5096322F10A42D0 /* [CP] Copy Pods Resources */ = {
			isa = PBXShellScriptBuildPhase;
			buildActionMask = 2147483647;
			files = (
			);
			inputPaths = (
			);
			name = "[CP] Copy Pods Resources";
			outputPaths = (
			);
			runOnlyForDeploymentPostprocessing = 0;
			shellPath = /bin/sh;
			shellScript = "\"${SRCROOT}/Pods/Target Support Files/Pods-photo-clash-sample/Pods-photo-clash-sample-resources.sh\"\n";
			showEnvVarsInLog = 0;
		};
		6B9FD57AC921FDFB35E74839 /* [CP] Check Pods Manifest.lock */ = {
			isa = PBXShellScriptBuildPhase;
			buildActionMask = 2147483647;
			files = (
			);
			inputPaths = (
			);
			name = "[CP] Check Pods Manifest.lock";
			outputPaths = (
			);
			runOnlyForDeploymentPostprocessing = 0;
			shellPath = /bin/sh;
			shellScript = "diff \"${PODS_ROOT}/../Podfile.lock\" \"${PODS_ROOT}/Manifest.lock\" > /dev/null\nif [ $? != 0 ] ; then\n    # print error to STDERR\n    echo \"error: The sandbox is not in sync with the Podfile.lock. Run 'pod install' or update your CocoaPods installation.\" >&2\n    exit 1\nfi\n";
			showEnvVarsInLog = 0;
		};
		7FE7DACA3D066BE6AC3B145A /* [CP] Embed Pods Frameworks */ = {
			isa = PBXShellScriptBuildPhase;
			buildActionMask = 2147483647;
			files = (
			);
			inputPaths = (
			);
			name = "[CP] Embed Pods Frameworks";
			outputPaths = (
			);
			runOnlyForDeploymentPostprocessing = 0;
			shellPath = /bin/sh;
			shellScript = "\"${SRCROOT}/Pods/Target Support Files/Pods-photo-clash-sampleTests/Pods-photo-clash-sampleTests-frameworks.sh\"\n";
			showEnvVarsInLog = 0;
		};
		B7C9063DB66EE4588EFD8814 /* [CP] Copy Pods Resources */ = {
			isa = PBXShellScriptBuildPhase;
			buildActionMask = 2147483647;
			files = (
			);
			inputPaths = (
			);
			name = "[CP] Copy Pods Resources";
			outputPaths = (
			);
			runOnlyForDeploymentPostprocessing = 0;
			shellPath = /bin/sh;
			shellScript = "\"${SRCROOT}/Pods/Target Support Files/Pods-photo-clash-sampleUITests/Pods-photo-clash-sampleUITests-resources.sh\"\n";
			showEnvVarsInLog = 0;
		};
		D6A86320495B218F887F54B8 /* [CP] Copy Pods Resources */ = {
			isa = PBXShellScriptBuildPhase;
			buildActionMask = 2147483647;
			files = (
			);
			inputPaths = (
			);
			name = "[CP] Copy Pods Resources";
			outputPaths = (
			);
			runOnlyForDeploymentPostprocessing = 0;
			shellPath = /bin/sh;
			shellScript = "\"${SRCROOT}/Pods/Target Support Files/Pods-photo-clash-sampleTests/Pods-photo-clash-sampleTests-resources.sh\"\n";
			showEnvVarsInLog = 0;
		};
		DB04B1359EE3CAA0E7A58C5B /* [CP] Check Pods Manifest.lock */ = {
			isa = PBXShellScriptBuildPhase;
			buildActionMask = 2147483647;
			files = (
			);
			inputPaths = (
			);
			name = "[CP] Check Pods Manifest.lock";
			outputPaths = (
			);
			runOnlyForDeploymentPostprocessing = 0;
			shellPath = /bin/sh;
			shellScript = "diff \"${PODS_ROOT}/../Podfile.lock\" \"${PODS_ROOT}/Manifest.lock\" > /dev/null\nif [ $? != 0 ] ; then\n    # print error to STDERR\n    echo \"error: The sandbox is not in sync with the Podfile.lock. Run 'pod install' or update your CocoaPods installation.\" >&2\n    exit 1\nfi\n";
			showEnvVarsInLog = 0;
		};
/* End PBXShellScriptBuildPhase section */

/* Begin PBXSourcesBuildPhase section */
		0EB57EC41CF778AD00E30272 /* Sources */ = {
			isa = PBXSourcesBuildPhase;
			buildActionMask = 2147483647;
			files = (
				0E7659101DABF42C00EABDB7 /* BlurrableCollectionView.swift in Sources */,
				0E321BB31D5CF7D700D9E215 /* LoadingClashesTableViewCell.swift in Sources */,
				0E198A8E1D37E87B00F25F53 /* MyProfileViewController.swift in Sources */,
				0E352C341D4299F3005CD054 /* FinishedClash.swift in Sources */,
				0EE725ED1D6CD5D60040423F /* PreviewViewController.swift in Sources */,
				0E321BC11D623E1400D9E215 /* CustomControl.swift in Sources */,
				0E198A921D37FAB400F25F53 /* ClashpointsContainerViewController.swift in Sources */,
				0E198A941D37FE0600F25F53 /* MyLocationContainerViewController.swift in Sources */,
				0E352C3A1D456B60005CD054 /* TextImageView.swift in Sources */,
				0EBD511A1D3830480006C125 /* CurrentClashTableViewCell.swift in Sources */,
				0E0E109B1D627A8900A573CE /* FacebookLoginViewController.swift in Sources */,
				0EEE6ED81D38262E00B0094E /* MainFeedViewController.swift in Sources */,
				0E76590C1DA8395300EABDB7 /* ClashCell.swift in Sources */,
				0EE725E51D6578A10040423F /* SearchViewController.swift in Sources */,
				0E506A911D73612600A6019E /* FriendsTableViewController.swift in Sources */,
				0E76590A1DA8326000EABDB7 /* CollectionViewTableViewCell.swift in Sources */,
				0EB57ECC1CF778AD00E30272 /* AppDelegate.swift in Sources */,
				0EBD511C1D384E140006C125 /* FinishedClashTableViewCell.swift in Sources */,
				0E506A8F1D6F4D2500A6019E /* UserProfileViewController.swift in Sources */,
				0EE725EB1D6CC9110040423F /* SuggestionCell.swift in Sources */,
				0E198A9A1D381B8B00F25F53 /* NotificationsContainerViewController.swift in Sources */,
				0E352C361D42A2A1005CD054 /* CurrentClash.swift in Sources */,
				0EE725E31D6544630040423F /* UserProfile.swift in Sources */,
			);
			runOnlyForDeploymentPostprocessing = 0;
		};
		0EB57ED81CF778AD00E30272 /* Sources */ = {
			isa = PBXSourcesBuildPhase;
			buildActionMask = 2147483647;
			files = (
				0EB57EE11CF778AD00E30272 /* PhotoClashTests.swift in Sources */,
			);
			runOnlyForDeploymentPostprocessing = 0;
		};
		0EB57EE31CF778AD00E30272 /* Sources */ = {
			isa = PBXSourcesBuildPhase;
			buildActionMask = 2147483647;
			files = (
				0EB57EEC1CF778AD00E30272 /* PhotoClashUITests.swift in Sources */,
			);
			runOnlyForDeploymentPostprocessing = 0;
		};
/* End PBXSourcesBuildPhase section */

/* Begin PBXTargetDependency section */
		0EB57EDE1CF778AD00E30272 /* PBXTargetDependency */ = {
			isa = PBXTargetDependency;
			target = 0EB57EC71CF778AD00E30272 /* photo-clash-sample */;
			targetProxy = 0EB57EDD1CF778AD00E30272 /* PBXContainerItemProxy */;
		};
		0EB57EE91CF778AD00E30272 /* PBXTargetDependency */ = {
			isa = PBXTargetDependency;
			target = 0EB57EC71CF778AD00E30272 /* photo-clash-sample */;
			targetProxy = 0EB57EE81CF778AD00E30272 /* PBXContainerItemProxy */;
		};
/* End PBXTargetDependency section */

/* Begin PBXVariantGroup section */
		0EB57ECF1CF778AD00E30272 /* Main.storyboard */ = {
			isa = PBXVariantGroup;
			children = (
				0EB57ED01CF778AD00E30272 /* Base */,
			);
			name = Main.storyboard;
			sourceTree = "<group>";
		};
		0EB57ED41CF778AD00E30272 /* LaunchScreen.storyboard */ = {
			isa = PBXVariantGroup;
			children = (
				0EB57ED51CF778AD00E30272 /* Base */,
			);
			name = LaunchScreen.storyboard;
			sourceTree = "<group>";
		};
/* End PBXVariantGroup section */

/* Begin XCBuildConfiguration section */
		0EB57EEE1CF778AD00E30272 /* Debug */ = {
			isa = XCBuildConfiguration;
			buildSettings = {
				ALWAYS_SEARCH_USER_PATHS = NO;
				CLANG_ANALYZER_NONNULL = YES;
				CLANG_CXX_LANGUAGE_STANDARD = "gnu++0x";
				CLANG_CXX_LIBRARY = "libc++";
				CLANG_ENABLE_MODULES = YES;
				CLANG_ENABLE_OBJC_ARC = YES;
				CLANG_WARN_BOOL_CONVERSION = YES;
				CLANG_WARN_CONSTANT_CONVERSION = YES;
				CLANG_WARN_DIRECT_OBJC_ISA_USAGE = YES_ERROR;
				CLANG_WARN_EMPTY_BODY = YES;
				CLANG_WARN_ENUM_CONVERSION = YES;
				CLANG_WARN_INFINITE_RECURSION = YES;
				CLANG_WARN_INT_CONVERSION = YES;
				CLANG_WARN_OBJC_ROOT_CLASS = YES_ERROR;
				CLANG_WARN_SUSPICIOUS_MOVE = YES;
				CLANG_WARN_UNREACHABLE_CODE = YES;
				CLANG_WARN__DUPLICATE_METHOD_MATCH = YES;
				"CODE_SIGN_IDENTITY[sdk=iphoneos*]" = "iPhone Developer";
				COPY_PHASE_STRIP = NO;
				DEBUG_INFORMATION_FORMAT = dwarf;
				ENABLE_STRICT_OBJC_MSGSEND = YES;
				ENABLE_TESTABILITY = YES;
				GCC_C_LANGUAGE_STANDARD = gnu99;
				GCC_DYNAMIC_NO_PIC = NO;
				GCC_NO_COMMON_BLOCKS = YES;
				GCC_OPTIMIZATION_LEVEL = 0;
				GCC_PREPROCESSOR_DEFINITIONS = (
					"DEBUG=1",
					"$(inherited)",
				);
				GCC_WARN_64_TO_32_BIT_CONVERSION = YES;
				GCC_WARN_ABOUT_RETURN_TYPE = YES_ERROR;
				GCC_WARN_UNDECLARED_SELECTOR = YES;
				GCC_WARN_UNINITIALIZED_AUTOS = YES_AGGRESSIVE;
				GCC_WARN_UNUSED_FUNCTION = YES;
				GCC_WARN_UNUSED_VARIABLE = YES;
				IPHONEOS_DEPLOYMENT_TARGET = 9.3;
				MTL_ENABLE_DEBUG_INFO = YES;
				ONLY_ACTIVE_ARCH = YES;
				SDKROOT = iphoneos;
				SWIFT_OPTIMIZATION_LEVEL = "-Onone";
				TARGETED_DEVICE_FAMILY = "1,2";
			};
			name = Debug;
		};
		0EB57EEF1CF778AD00E30272 /* Release */ = {
			isa = XCBuildConfiguration;
			buildSettings = {
				ALWAYS_SEARCH_USER_PATHS = NO;
				CLANG_ANALYZER_NONNULL = YES;
				CLANG_CXX_LANGUAGE_STANDARD = "gnu++0x";
				CLANG_CXX_LIBRARY = "libc++";
				CLANG_ENABLE_MODULES = YES;
				CLANG_ENABLE_OBJC_ARC = YES;
				CLANG_WARN_BOOL_CONVERSION = YES;
				CLANG_WARN_CONSTANT_CONVERSION = YES;
				CLANG_WARN_DIRECT_OBJC_ISA_USAGE = YES_ERROR;
				CLANG_WARN_EMPTY_BODY = YES;
				CLANG_WARN_ENUM_CONVERSION = YES;
				CLANG_WARN_INFINITE_RECURSION = YES;
				CLANG_WARN_INT_CONVERSION = YES;
				CLANG_WARN_OBJC_ROOT_CLASS = YES_ERROR;
				CLANG_WARN_SUSPICIOUS_MOVE = YES;
				CLANG_WARN_UNREACHABLE_CODE = YES;
				CLANG_WARN__DUPLICATE_METHOD_MATCH = YES;
				"CODE_SIGN_IDENTITY[sdk=iphoneos*]" = "iPhone Developer";
				COPY_PHASE_STRIP = NO;
				DEBUG_INFORMATION_FORMAT = "dwarf-with-dsym";
				ENABLE_NS_ASSERTIONS = NO;
				ENABLE_STRICT_OBJC_MSGSEND = YES;
				GCC_C_LANGUAGE_STANDARD = gnu99;
				GCC_NO_COMMON_BLOCKS = YES;
				GCC_WARN_64_TO_32_BIT_CONVERSION = YES;
				GCC_WARN_ABOUT_RETURN_TYPE = YES_ERROR;
				GCC_WARN_UNDECLARED_SELECTOR = YES;
				GCC_WARN_UNINITIALIZED_AUTOS = YES_AGGRESSIVE;
				GCC_WARN_UNUSED_FUNCTION = YES;
				GCC_WARN_UNUSED_VARIABLE = YES;
				IPHONEOS_DEPLOYMENT_TARGET = 9.3;
				MTL_ENABLE_DEBUG_INFO = NO;
				SDKROOT = iphoneos;
				SWIFT_OPTIMIZATION_LEVEL = "-Owholemodule";
				TARGETED_DEVICE_FAMILY = "1,2";
				VALIDATE_PRODUCT = YES;
			};
			name = Release;
		};
		0EB57EF11CF778AD00E30272 /* Debug */ = {
			isa = XCBuildConfiguration;
			baseConfigurationReference = 0DC1A33B7741AA60D6076E2C /* Pods-photo-clash-sample.debug.xcconfig */;
			buildSettings = {
				ALWAYS_EMBED_SWIFT_STANDARD_LIBRARIES = YES;
				ASSETCATALOG_COMPILER_APPICON_NAME = AppIcon;
				CODE_SIGN_ENTITLEMENTS = PhotoClash/PhotoClash.entitlements;
				CODE_SIGN_IDENTITY = "iPhone Developer";
				"CODE_SIGN_IDENTITY[sdk=iphoneos*]" = "iPhone Developer";
				DEVELOPMENT_TEAM = 6FJUN62T7L;
				FRAMEWORK_SEARCH_PATHS = (
					"$(inherited)",
					"$(PROJECT_DIR)",
				);
				INFOPLIST_FILE = PhotoClash/Info.plist;
				LD_RUNPATH_SEARCH_PATHS = "$(inherited) @executable_path/Frameworks";
				PRODUCT_BUNDLE_IDENTIFIER = com.conte.PhotoClash;
				PRODUCT_NAME = "$(TARGET_NAME)";
				PROVISIONING_PROFILE = "";
				SWIFT_VERSION = 3.0;
			};
			name = Debug;
		};
		0EB57EF21CF778AD00E30272 /* Release */ = {
			isa = XCBuildConfiguration;
			baseConfigurationReference = F8B36729D6F9681DBF079409 /* Pods-photo-clash-sample.release.xcconfig */;
			buildSettings = {
				ALWAYS_EMBED_SWIFT_STANDARD_LIBRARIES = YES;
				ASSETCATALOG_COMPILER_APPICON_NAME = AppIcon;
				CODE_SIGN_ENTITLEMENTS = PhotoClash/PhotoClash.entitlements;
				CODE_SIGN_IDENTITY = "iPhone Developer";
				"CODE_SIGN_IDENTITY[sdk=iphoneos*]" = "iPhone Developer";
				DEVELOPMENT_TEAM = 6FJUN62T7L;
				FRAMEWORK_SEARCH_PATHS = (
					"$(inherited)",
					"$(PROJECT_DIR)",
				);
				INFOPLIST_FILE = PhotoClash/Info.plist;
				LD_RUNPATH_SEARCH_PATHS = "$(inherited) @executable_path/Frameworks";
				PRODUCT_BUNDLE_IDENTIFIER = com.conte.PhotoClash;
				PRODUCT_NAME = "$(TARGET_NAME)";
				PROVISIONING_PROFILE = "";
				SWIFT_VERSION = 3.0;
			};
			name = Release;
		};
		0EB57EF41CF778AD00E30272 /* Debug */ = {
			isa = XCBuildConfiguration;
			baseConfigurationReference = 36DC2E321546257483C72649 /* Pods-photo-clash-sampleTests.debug.xcconfig */;
			buildSettings = {
				ALWAYS_EMBED_SWIFT_STANDARD_LIBRARIES = YES;
				BUNDLE_LOADER = "$(TEST_HOST)";
				INFOPLIST_FILE = PhotoClashTests/Info.plist;
				LD_RUNPATH_SEARCH_PATHS = "$(inherited) @executable_path/Frameworks @loader_path/Frameworks";
				PRODUCT_BUNDLE_IDENTIFIER = com.conte.PhotoClashTests;
				PRODUCT_NAME = "$(TARGET_NAME)";
				SWIFT_VERSION = 3.0;
				TEST_HOST = "$(BUILT_PRODUCTS_DIR)/photo-clash-sample.app/photo-clash-sample";
			};
			name = Debug;
		};
		0EB57EF51CF778AD00E30272 /* Release */ = {
			isa = XCBuildConfiguration;
			baseConfigurationReference = 9A16E656A6ECEFD4E3BA1517 /* Pods-photo-clash-sampleTests.release.xcconfig */;
			buildSettings = {
				ALWAYS_EMBED_SWIFT_STANDARD_LIBRARIES = YES;
				BUNDLE_LOADER = "$(TEST_HOST)";
				INFOPLIST_FILE = PhotoClashTests/Info.plist;
				LD_RUNPATH_SEARCH_PATHS = "$(inherited) @executable_path/Frameworks @loader_path/Frameworks";
				PRODUCT_BUNDLE_IDENTIFIER = com.conte.PhotoClashTests;
				PRODUCT_NAME = "$(TARGET_NAME)";
				SWIFT_VERSION = 3.0;
				TEST_HOST = "$(BUILT_PRODUCTS_DIR)/photo-clash-sample.app/photo-clash-sample";
			};
			name = Release;
		};
		0EB57EF71CF778AD00E30272 /* Debug */ = {
			isa = XCBuildConfiguration;
			baseConfigurationReference = F7DB7686B47654F5A5DC9295 /* Pods-photo-clash-sampleUITests.debug.xcconfig */;
			buildSettings = {
				ALWAYS_EMBED_SWIFT_STANDARD_LIBRARIES = YES;
				INFOPLIST_FILE = PhotoClashUITests/Info.plist;
				LD_RUNPATH_SEARCH_PATHS = "$(inherited) @executable_path/Frameworks @loader_path/Frameworks";
				PRODUCT_BUNDLE_IDENTIFIER = com.conte.PhotoClashUITests;
				PRODUCT_NAME = "$(TARGET_NAME)";
				SWIFT_VERSION = 3.0;
				TEST_TARGET_NAME = PhotoClash;
			};
			name = Debug;
		};
		0EB57EF81CF778AD00E30272 /* Release */ = {
			isa = XCBuildConfiguration;
			baseConfigurationReference = BC2578297246E9A955B53FE8 /* Pods-photo-clash-sampleUITests.release.xcconfig */;
			buildSettings = {
				ALWAYS_EMBED_SWIFT_STANDARD_LIBRARIES = YES;
				INFOPLIST_FILE = PhotoClashUITests/Info.plist;
				LD_RUNPATH_SEARCH_PATHS = "$(inherited) @executable_path/Frameworks @loader_path/Frameworks";
				PRODUCT_BUNDLE_IDENTIFIER = com.conte.PhotoClashUITests;
				PRODUCT_NAME = "$(TARGET_NAME)";
				SWIFT_VERSION = 3.0;
				TEST_TARGET_NAME = PhotoClash;
			};
			name = Release;
		};
/* End XCBuildConfiguration section */

/* Begin XCConfigurationList section */
		0EB57EC31CF778AD00E30272 /* Build configuration list for PBXProject "photo-clash-sample" */ = {
			isa = XCConfigurationList;
			buildConfigurations = (
				0EB57EEE1CF778AD00E30272 /* Debug */,
				0EB57EEF1CF778AD00E30272 /* Release */,
			);
			defaultConfigurationIsVisible = 0;
			defaultConfigurationName = Release;
		};
		0EB57EF01CF778AD00E30272 /* Build configuration list for PBXNativeTarget "photo-clash-sample" */ = {
			isa = XCConfigurationList;
			buildConfigurations = (
				0EB57EF11CF778AD00E30272 /* Debug */,
				0EB57EF21CF778AD00E30272 /* Release */,
			);
			defaultConfigurationIsVisible = 0;
			defaultConfigurationName = Release;
		};
		0EB57EF31CF778AD00E30272 /* Build configuration list for PBXNativeTarget "photo-clash-sampleTests" */ = {
			isa = XCConfigurationList;
			buildConfigurations = (
				0EB57EF41CF778AD00E30272 /* Debug */,
				0EB57EF51CF778AD00E30272 /* Release */,
			);
			defaultConfigurationIsVisible = 0;
			defaultConfigurationName = Release;
		};
		0EB57EF61CF778AD00E30272 /* Build configuration list for PBXNativeTarget "photo-clash-sampleUITests" */ = {
			isa = XCConfigurationList;
			buildConfigurations = (
				0EB57EF71CF778AD00E30272 /* Debug */,
				0EB57EF81CF778AD00E30272 /* Release */,
			);
			defaultConfigurationIsVisible = 0;
			defaultConfigurationName = Release;
		};
/* End XCConfigurationList section */
	};
	rootObject = 0EB57EC01CF778AD00E30272 /* Project object */;
}
